github.com/Azure/go-amqp v1.5.0 h1:GRiQK1VhrNFbyx5VlmI6BsA1FCp27W5rb9kxOZScnTo=
github.com/Azure/go-amqp v1.5.0/go.mod h1:vZAogwdrkbyK3Mla8m/CxSc/aKdnTZ4IbPxl51Y5WZE=
github.com/go-stomp/stomp v2.1.4+incompatible h1:D3SheUVDOz9RsjVWkoh/1iCOwD0qWjyeTZMUZ0EXg2Y=
github.com/go-stomp/stomp v2.1.4+incompatible/go.mod h1:VqCtqNZv1226A1/79yh+rMiFUcfY3R109np+7ke4n0c=
github.com/pkg/errors v0.9.1 h1:FEBLx1zS214owpjy7qsBeixbURkuhQAwrK5UwLGTwt4=
github.com/pkg/errors v0.9.1/go.mod h1:bwawxfHBFNV+L2hUp1rHADufV3IMtnDRdf1r5NINEl0=
pack.ag/amqp v0.12.5 h1:WjH1KZ0hHZbT62nzDpvFCQD+jgSwRqj6FUOc2/GlqHM=
pack.ag/amqp v0.12.5/go.mod h1:4/cbmt4EJXSKlG6LCfWHoqmN0uFdy5i/+YFz+fTfhV4=
